
Microsoft Visual Studio Solution File, Format Version 12.00
# Visual Studio Version 17
VisualStudioVersion = 17.6.33717.318
MinimumVisualStudioVersion = 10.0.40219.1
Project("{9A19103F-16F7-4668-BE54-9A1E7A4F7556}") = "NewKurs_For_Liza", "NewKurs_For_Liza.csproj", "{44AE5150-3E43-4A0F-A6CE-9DB0C9DCE2B3}"
EndProject
Global
	GlobalSection(SolutionConfigurationPlatforms) = preSolution
		Debug|Any CPU = Debug|Any CPU
		Release|Any CPU = Release|Any CPU
	EndGlobalSection
	GlobalSection(ProjectConfigurationPlatforms) = postSolution
		{44AE5150-3E43-4A0F-A6CE-9DB0C9DCE2B3}.Debug|Any CPU.ActiveCfg = Debug|Any CPU
		{44AE5150-3E43-4A0F-A6CE-9DB0C9DCE2B3}.Debug|Any CPU.Build.0 = Debug|Any CPU
		{44AE5150-3E43-4A0F-A6CE-9DB0C9DCE2B3}.Release|Any CPU.ActiveCfg = Release|Any CPU
		{44AE5150-3E43-4A0F-A6CE-9DB0C9DCE2B3}.Release|Any CPU.Build.0 = Release|Any CPU
	EndGlobalSection
	GlobalSection(SolutionProperties) = preSolution
		HideSolutionNode = FALSE
	EndGlobalSection
	GlobalSection(ExtensibilityGlobals) = postSolution
		SolutionGuid = {04511B71-BFE4-473E-9723-405716E45F3E}
	EndGlobalSection
EndGlobal
